// !$*UTF8*$!
{
	archiveVersion = 1;
	classes = {
	};
	objectVersion = 46;
	objects = {

/* Begin PBXBuildFile section */
		1552D2161796645400D79EDB /* 001_Init_img1.png in Resources */ = {isa = PBXBuildFile; fileRef = 1552D2101796645400D79EDB /* 001_Init_img1.png */; };
		1552D2171796645400D79EDB /* 001_Init_img1@2x.png in Resources */ = {isa = PBXBuildFile; fileRef = 1552D2111796645400D79EDB /* 001_Init_img1@2x.png */; };
		1552D2181796645400D79EDB /* 001_Init_img2.png in Resources */ = {isa = PBXBuildFile; fileRef = 1552D2121796645400D79EDB /* 001_Init_img2.png */; };
		1552D2191796645400D79EDB /* 001_Init_img2@2x.png in Resources */ = {isa = PBXBuildFile; fileRef = 1552D2131796645400D79EDB /* 001_Init_img2@2x.png */; };
		1552D21A1796645400D79EDB /* 001_Init_img3.png in Resources */ = {isa = PBXBuildFile; fileRef = 1552D2141796645400D79EDB /* 001_Init_img3.png */; };
		1552D21B1796645400D79EDB /* 001_Init_img3@2x.png in Resources */ = {isa = PBXBuildFile; fileRef = 1552D2151796645400D79EDB /* 001_Init_img3@2x.png */; };
		158E346B1797AF4200B31962 /* StartSesionViewController.m in Sources */ = {isa = PBXBuildFile; fileRef = 158E34691797AF4200B31962 /* StartSesionViewController.m */; };
		158E346C1797AF4200B31962 /* StartSesionViewController.xib in Resources */ = {isa = PBXBuildFile; fileRef = 158E346A1797AF4200B31962 /* StartSesionViewController.xib */; };
		158E34701797AF7800B31962 /* NewAccountViewController.m in Sources */ = {isa = PBXBuildFile; fileRef = 158E346E1797AF7800B31962 /* NewAccountViewController.m */; };
		158E34711797AF7800B31962 /* NewAccountViewController.xib in Resources */ = {isa = PBXBuildFile; fileRef = 158E346F1797AF7800B31962 /* NewAccountViewController.xib */; };
		158E34751797AFDC00B31962 /* PwdRecoveryViewController.m in Sources */ = {isa = PBXBuildFile; fileRef = 158E34731797AFDC00B31962 /* PwdRecoveryViewController.m */; };
		158E34761797AFDC00B31962 /* PwdRecoveryViewController.xib in Resources */ = {isa = PBXBuildFile; fileRef = 158E34741797AFDC00B31962 /* PwdRecoveryViewController.xib */; };
		1594669217922068002D3671 /* UIKit.framework in Frameworks */ = {isa = PBXBuildFile; fileRef = 1594669117922068002D3671 /* UIKit.framework */; };
		1594669417922068002D3671 /* Foundation.framework in Frameworks */ = {isa = PBXBuildFile; fileRef = 1594669317922068002D3671 /* Foundation.framework */; };
		1594669617922068002D3671 /* CoreGraphics.framework in Frameworks */ = {isa = PBXBuildFile; fileRef = 1594669517922068002D3671 /* CoreGraphics.framework */; };
		1594669C17922068002D3671 /* InfoPlist.strings in Resources */ = {isa = PBXBuildFile; fileRef = 1594669A17922068002D3671 /* InfoPlist.strings */; };
		1594669E17922068002D3671 /* main.m in Sources */ = {isa = PBXBuildFile; fileRef = 1594669D17922068002D3671 /* main.m */; };
		159466A217922068002D3671 /* xurfaceAppDelegate.m in Sources */ = {isa = PBXBuildFile; fileRef = 159466A117922068002D3671 /* xurfaceAppDelegate.m */; };
		159466A417922068002D3671 /* Default.png in Resources */ = {isa = PBXBuildFile; fileRef = 159466A317922068002D3671 /* Default.png */; };
		159466A617922068002D3671 /* Default@2x.png in Resources */ = {isa = PBXBuildFile; fileRef = 159466A517922068002D3671 /* Default@2x.png */; };
		159466A817922068002D3671 /* Default-568h@2x.png in Resources */ = {isa = PBXBuildFile; fileRef = 159466A717922068002D3671 /* Default-568h@2x.png */; };
		159466AB17922068002D3671 /* xurfaceViewController.m in Sources */ = {isa = PBXBuildFile; fileRef = 159466AA17922068002D3671 /* xurfaceViewController.m */; };
		159466AE17922068002D3671 /* xurfaceViewController.xib in Resources */ = {isa = PBXBuildFile; fileRef = 159466AC17922068002D3671 /* xurfaceViewController.xib */; };
		C14946D0179CEA7200B2165E /* FacebookSDK.framework in Frameworks */ = {isa = PBXBuildFile; fileRef = C14946CE179CEA7200B2165E /* FacebookSDK.framework */; };
		C14946D1179CEA7200B2165E /* FacebookSDKResources.bundle in Resources */ = {isa = PBXBuildFile; fileRef = C14946CF179CEA7200B2165E /* FacebookSDKResources.bundle */; };
		C14946D3179CEBA800B2165E /* libsqlite3.0.dylib in Frameworks */ = {isa = PBXBuildFile; fileRef = C14946D2179CEBA800B2165E /* libsqlite3.0.dylib */; };
		C14946D5179CEBD700B2165E /* Accounts.framework in Frameworks */ = {isa = PBXBuildFile; fileRef = C14946D4179CEBD700B2165E /* Accounts.framework */; };
		C14946D7179CEBEA00B2165E /* Social.framework in Frameworks */ = {isa = PBXBuildFile; fileRef = C14946D6179CEBEA00B2165E /* Social.framework */; };
		C14946D9179CEC1200B2165E /* AdSupport.framework in Frameworks */ = {isa = PBXBuildFile; fileRef = C14946D8179CEC1200B2165E /* AdSupport.framework */; };
		C14946DB179CEC3600B2165E /* Security.framework in Frameworks */ = {isa = PBXBuildFile; fileRef = C14946DA179CEC3600B2165E /* Security.framework */; };
		C14CDA7A17962EC300DA0FB5 /* HomeViewController.m in Sources */ = {isa = PBXBuildFile; fileRef = C14CDA7817962EC300DA0FB5 /* HomeViewController.m */; };
		C14CDA7B17962EC300DA0FB5 /* HomeViewController.xib in Resources */ = {isa = PBXBuildFile; fileRef = C14CDA7917962EC300DA0FB5 /* HomeViewController.xib */; };
		C14CDA7F1796378D00DA0FB5 /* RouteViewController.m in Sources */ = {isa = PBXBuildFile; fileRef = C14CDA7D1796378D00DA0FB5 /* RouteViewController.m */; };
		C14CDA801796378D00DA0FB5 /* RouteViewController.xib in Resources */ = {isa = PBXBuildFile; fileRef = C14CDA7E1796378D00DA0FB5 /* RouteViewController.xib */; };
		C14CDA84179637F100DA0FB5 /* PlaceViewController.m in Sources */ = {isa = PBXBuildFile; fileRef = C14CDA82179637F100DA0FB5 /* PlaceViewController.m */; };
		C14CDA85179637F100DA0FB5 /* PlaceViewController.xib in Resources */ = {isa = PBXBuildFile; fileRef = C14CDA83179637F100DA0FB5 /* PlaceViewController.xib */; };
		C14CDA891796383400DA0FB5 /* MapViewController.m in Sources */ = {isa = PBXBuildFile; fileRef = C14CDA871796383400DA0FB5 /* MapViewController.m */; };
		C14CDA8A1796383400DA0FB5 /* MapViewController.xib in Resources */ = {isa = PBXBuildFile; fileRef = C14CDA881796383400DA0FB5 /* MapViewController.xib */; };
		C14CDA8F179647B000DA0FB5 /* shovel.png in Resources */ = {isa = PBXBuildFile; fileRef = C14CDA8D179647B000DA0FB5 /* shovel.png */; };
		C14CDA90179647B000DA0FB5 /* shovel@2x.png in Resources */ = {isa = PBXBuildFile; fileRef = C14CDA8E179647B000DA0FB5 /* shovel@2x.png */; };
		C15B35D6179A4B7B00ECB9A8 /* XFAudioSession.m in Sources */ = {isa = PBXBuildFile; fileRef = C15B35D5179A4B7B00ECB9A8 /* XFAudioSession.m */; };
		C168630A1794FF4600F9EE32 /* User.m in Sources */ = {isa = PBXBuildFile; fileRef = C16863091794FF4600F9EE32 /* User.m */; };
		C168630C179500AC00F9EE32 /* CoreData.framework in Frameworks */ = {isa = PBXBuildFile; fileRef = C168630B179500AC00F9EE32 /* CoreData.framework */; };
		C16D363A17979A0F003FFE94 /* NibCell.xib in Resources */ = {isa = PBXBuildFile; fileRef = C16D363917979A0F003FFE94 /* NibCell.xib */; };
		C16D363C1797A360003FFE94 /* MapKit.framework in Frameworks */ = {isa = PBXBuildFile; fileRef = C16D363B1797A360003FFE94 /* MapKit.framework */; };
		C187D9EF1798CD5900F0A4E4 /* NibAudioCell.xib in Resources */ = {isa = PBXBuildFile; fileRef = C187D9EE1798CD5900F0A4E4 /* NibAudioCell.xib */; };
		C1B1128D1796515D00485D41 /* ALScrollViewPaging.m in Sources */ = {isa = PBXBuildFile; fileRef = C1B1128C1796515D00485D41 /* ALScrollViewPaging.m */; };
		C1BF51DC1798D272005CCBEB /* HysteriaPlayer.m in Sources */ = {isa = PBXBuildFile; fileRef = C1BF51DA1798D272005CCBEB /* HysteriaPlayer.m */; };
		C1BF51DD1798D272005CCBEB /* point1sec.mp3 in Resources */ = {isa = PBXBuildFile; fileRef = C1BF51DB1798D272005CCBEB /* point1sec.mp3 */; };
		C1BF51E31798D379005CCBEB /* AudioToolbox.framework in Frameworks */ = {isa = PBXBuildFile; fileRef = C1BF51DE1798D379005CCBEB /* AudioToolbox.framework */; };
		C1BF51E41798D379005CCBEB /* AVFoundation.framework in Frameworks */ = {isa = PBXBuildFile; fileRef = C1BF51DF1798D379005CCBEB /* AVFoundation.framework */; };
		C1BF51E51798D379005CCBEB /* CoreMedia.framework in Frameworks */ = {isa = PBXBuildFile; fileRef = C1BF51E01798D379005CCBEB /* CoreMedia.framework */; };
		C1BF51E61798D379005CCBEB /* MobileCoreServices.framework in Frameworks */ = {isa = PBXBuildFile; fileRef = C1BF51E11798D379005CCBEB /* MobileCoreServices.framework */; };
		C1BF51E71798D379005CCBEB /* SystemConfiguration.framework in Frameworks */ = {isa = PBXBuildFile; fileRef = C1BF51E21798D379005CCBEB /* SystemConfiguration.framework */; };
		C1BF51FC1798DC85005CCBEB /* AFHTTPClient.m in Sources */ = {isa = PBXBuildFile; fileRef = C1BF51EA1798DC85005CCBEB /* AFHTTPClient.m */; };
		C1BF51FD1798DC85005CCBEB /* AFHTTPRequestOperation.m in Sources */ = {isa = PBXBuildFile; fileRef = C1BF51EC1798DC85005CCBEB /* AFHTTPRequestOperation.m */; };
		C1BF51FE1798DC85005CCBEB /* AFImageRequestOperation.m in Sources */ = {isa = PBXBuildFile; fileRef = C1BF51EE1798DC85005CCBEB /* AFImageRequestOperation.m */; };
		C1BF51FF1798DC85005CCBEB /* AFJSONRequestOperation.m in Sources */ = {isa = PBXBuildFile; fileRef = C1BF51F01798DC85005CCBEB /* AFJSONRequestOperation.m */; };
		C1BF52001798DC85005CCBEB /* AFNetworkActivityIndicatorManager.m in Sources */ = {isa = PBXBuildFile; fileRef = C1BF51F21798DC85005CCBEB /* AFNetworkActivityIndicatorManager.m */; };
		C1BF52011798DC85005CCBEB /* AFPropertyListRequestOperation.m in Sources */ = {isa = PBXBuildFile; fileRef = C1BF51F51798DC85005CCBEB /* AFPropertyListRequestOperation.m */; };
		C1BF52021798DC85005CCBEB /* AFURLConnectionOperation.m in Sources */ = {isa = PBXBuildFile; fileRef = C1BF51F71798DC85005CCBEB /* AFURLConnectionOperation.m */; };
		C1BF52031798DC85005CCBEB /* AFXMLRequestOperation.m in Sources */ = {isa = PBXBuildFile; fileRef = C1BF51F91798DC85005CCBEB /* AFXMLRequestOperation.m */; };
		C1BF52041798DC85005CCBEB /* UIImageView+AFNetworking.m in Sources */ = {isa = PBXBuildFile; fileRef = C1BF51FB1798DC85005CCBEB /* UIImageView+AFNetworking.m */; };
		C1BF52071798E55D005CCBEB /* Libido.mp3 in Resources */ = {isa = PBXBuildFile; fileRef = C1BF52061798E55D005CCBEB /* Libido.mp3 */; };
		C1BF520917990122005CCBEB /* noseralomismo.aif in Resources */ = {isa = PBXBuildFile; fileRef = C1BF520817990122005CCBEB /* noseralomismo.aif */; };
		C1C1FE60179664D900A5FD32 /* HomeViewControllerCell.m in Sources */ = {isa = PBXBuildFile; fileRef = C1C1FE5F179664D900A5FD32 /* HomeViewControllerCell.m */; };
/* End PBXBuildFile section */

/* Begin PBXFileReference section */
		1552D2101796645400D79EDB /* 001_Init_img1.png */ = {isa = PBXFileReference; lastKnownFileType = image.png; path = 001_Init_img1.png; sourceTree = "<group>"; };
		1552D2111796645400D79EDB /* 001_Init_img1@2x.png */ = {isa = PBXFileReference; lastKnownFileType = image.png; path = "001_Init_img1@2x.png"; sourceTree = "<group>"; };
		1552D2121796645400D79EDB /* 001_Init_img2.png */ = {isa = PBXFileReference; lastKnownFileType = image.png; path = 001_Init_img2.png; sourceTree = "<group>"; };
		1552D2131796645400D79EDB /* 001_Init_img2@2x.png */ = {isa = PBXFileReference; lastKnownFileType = image.png; path = "001_Init_img2@2x.png"; sourceTree = "<group>"; };
		1552D2141796645400D79EDB /* 001_Init_img3.png */ = {isa = PBXFileReference; lastKnownFileType = image.png; path = 001_Init_img3.png; sourceTree = "<group>"; };
		1552D2151796645400D79EDB /* 001_Init_img3@2x.png */ = {isa = PBXFileReference; lastKnownFileType = image.png; path = "001_Init_img3@2x.png"; sourceTree = "<group>"; };
		158E34681797AF4200B31962 /* StartSesionViewController.h */ = {isa = PBXFileReference; fileEncoding = 4; lastKnownFileType = sourcecode.c.h; path = StartSesionViewController.h; sourceTree = "<group>"; };
		158E34691797AF4200B31962 /* StartSesionViewController.m */ = {isa = PBXFileReference; fileEncoding = 4; lastKnownFileType = sourcecode.c.objc; path = StartSesionViewController.m; sourceTree = "<group>"; };
		158E346A1797AF4200B31962 /* StartSesionViewController.xib */ = {isa = PBXFileReference; fileEncoding = 4; lastKnownFileType = file.xib; path = StartSesionViewController.xib; sourceTree = "<group>"; };
		158E346D1797AF7800B31962 /* NewAccountViewController.h */ = {isa = PBXFileReference; fileEncoding = 4; lastKnownFileType = sourcecode.c.h; path = NewAccountViewController.h; sourceTree = "<group>"; };
		158E346E1797AF7800B31962 /* NewAccountViewController.m */ = {isa = PBXFileReference; fileEncoding = 4; lastKnownFileType = sourcecode.c.objc; path = NewAccountViewController.m; sourceTree = "<group>"; };
		158E346F1797AF7800B31962 /* NewAccountViewController.xib */ = {isa = PBXFileReference; fileEncoding = 4; lastKnownFileType = file.xib; path = NewAccountViewController.xib; sourceTree = "<group>"; };
		158E34721797AFDC00B31962 /* PwdRecoveryViewController.h */ = {isa = PBXFileReference; fileEncoding = 4; lastKnownFileType = sourcecode.c.h; path = PwdRecoveryViewController.h; sourceTree = "<group>"; };
		158E34731797AFDC00B31962 /* PwdRecoveryViewController.m */ = {isa = PBXFileReference; fileEncoding = 4; lastKnownFileType = sourcecode.c.objc; path = PwdRecoveryViewController.m; sourceTree = "<group>"; };
		158E34741797AFDC00B31962 /* PwdRecoveryViewController.xib */ = {isa = PBXFileReference; fileEncoding = 4; lastKnownFileType = file.xib; path = PwdRecoveryViewController.xib; sourceTree = "<group>"; };
		1594668E17922068002D3671 /* LordLima.app */ = {isa = PBXFileReference; explicitFileType = wrapper.application; includeInIndex = 0; path = LordLima.app; sourceTree = BUILT_PRODUCTS_DIR; };
		1594669117922068002D3671 /* UIKit.framework */ = {isa = PBXFileReference; lastKnownFileType = wrapper.framework; name = UIKit.framework; path = System/Library/Frameworks/UIKit.framework; sourceTree = SDKROOT; };
		1594669317922068002D3671 /* Foundation.framework */ = {isa = PBXFileReference; lastKnownFileType = wrapper.framework; name = Foundation.framework; path = System/Library/Frameworks/Foundation.framework; sourceTree = SDKROOT; };
		1594669517922068002D3671 /* CoreGraphics.framework */ = {isa = PBXFileReference; lastKnownFileType = wrapper.framework; name = CoreGraphics.framework; path = System/Library/Frameworks/CoreGraphics.framework; sourceTree = SDKROOT; };
		1594669917922068002D3671 /* LordLima-Info.plist */ = {isa = PBXFileReference; lastKnownFileType = text.plist.xml; path = "LordLima-Info.plist"; sourceTree = "<group>"; };
		1594669B17922068002D3671 /* en */ = {isa = PBXFileReference; lastKnownFileType = text.plist.strings; name = en; path = en.lproj/InfoPlist.strings; sourceTree = "<group>"; };
		1594669D17922068002D3671 /* main.m */ = {isa = PBXFileReference; lastKnownFileType = sourcecode.c.objc; path = main.m; sourceTree = "<group>"; };
		1594669F17922068002D3671 /* LordLima-Prefix.pch */ = {isa = PBXFileReference; lastKnownFileType = sourcecode.c.h; path = "LordLima-Prefix.pch"; sourceTree = "<group>"; };
		159466A017922068002D3671 /* xurfaceAppDelegate.h */ = {isa = PBXFileReference; lastKnownFileType = sourcecode.c.h; path = xurfaceAppDelegate.h; sourceTree = "<group>"; };
		159466A117922068002D3671 /* xurfaceAppDelegate.m */ = {isa = PBXFileReference; lastKnownFileType = sourcecode.c.objc; path = xurfaceAppDelegate.m; sourceTree = "<group>"; };
		159466A317922068002D3671 /* Default.png */ = {isa = PBXFileReference; lastKnownFileType = image.png; path = Default.png; sourceTree = "<group>"; };
		159466A517922068002D3671 /* Default@2x.png */ = {isa = PBXFileReference; lastKnownFileType = image.png; path = "Default@2x.png"; sourceTree = "<group>"; };
		159466A717922068002D3671 /* Default-568h@2x.png */ = {isa = PBXFileReference; lastKnownFileType = image.png; path = "Default-568h@2x.png"; sourceTree = "<group>"; };
		159466A917922068002D3671 /* xurfaceViewController.h */ = {isa = PBXFileReference; lastKnownFileType = sourcecode.c.h; path = xurfaceViewController.h; sourceTree = "<group>"; };
		159466AA17922068002D3671 /* xurfaceViewController.m */ = {isa = PBXFileReference; lastKnownFileType = sourcecode.c.objc; path = xurfaceViewController.m; sourceTree = "<group>"; };
		159466AD17922068002D3671 /* en */ = {isa = PBXFileReference; lastKnownFileType = file.xib; name = en; path = en.lproj/xurfaceViewController.xib; sourceTree = "<group>"; };
		C14946CE179CEA7200B2165E /* FacebookSDK.framework */ = {isa = PBXFileReference; lastKnownFileType = wrapper.framework; name = FacebookSDK.framework; path = LordLima/Lib/FacebookSDK.framework; sourceTree = "<group>"; };
		C14946CF179CEA7200B2165E /* FacebookSDKResources.bundle */ = {isa = PBXFileReference; lastKnownFileType = "wrapper.plug-in"; name = FacebookSDKResources.bundle; path = LordLima/Lib/FacebookSDKResources.bundle; sourceTree = "<group>"; };
		C14946D2179CEBA800B2165E /* libsqlite3.0.dylib */ = {isa = PBXFileReference; lastKnownFileType = "compiled.mach-o.dylib"; name = libsqlite3.0.dylib; path = usr/lib/libsqlite3.0.dylib; sourceTree = SDKROOT; };
		C14946D4179CEBD700B2165E /* Accounts.framework */ = {isa = PBXFileReference; lastKnownFileType = wrapper.framework; name = Accounts.framework; path = System/Library/Frameworks/Accounts.framework; sourceTree = SDKROOT; };
		C14946D6179CEBEA00B2165E /* Social.framework */ = {isa = PBXFileReference; lastKnownFileType = wrapper.framework; name = Social.framework; path = System/Library/Frameworks/Social.framework; sourceTree = SDKROOT; };
		C14946D8179CEC1200B2165E /* AdSupport.framework */ = {isa = PBXFileReference; lastKnownFileType = wrapper.framework; name = AdSupport.framework; path = System/Library/Frameworks/AdSupport.framework; sourceTree = SDKROOT; };
		C14946DA179CEC3600B2165E /* Security.framework */ = {isa = PBXFileReference; lastKnownFileType = wrapper.framework; name = Security.framework; path = System/Library/Frameworks/Security.framework; sourceTree = SDKROOT; };
		C14CDA7717962EC300DA0FB5 /* HomeViewController.h */ = {isa = PBXFileReference; fileEncoding = 4; lastKnownFileType = sourcecode.c.h; path = HomeViewController.h; sourceTree = "<group>"; };
		C14CDA7817962EC300DA0FB5 /* HomeViewController.m */ = {isa = PBXFileReference; fileEncoding = 4; lastKnownFileType = sourcecode.c.objc; path = HomeViewController.m; sourceTree = "<group>"; };
		C14CDA7917962EC300DA0FB5 /* HomeViewController.xib */ = {isa = PBXFileReference; fileEncoding = 4; lastKnownFileType = file.xib; path = HomeViewController.xib; sourceTree = "<group>"; };
		C14CDA7C1796378D00DA0FB5 /* RouteViewController.h */ = {isa = PBXFileReference; fileEncoding = 4; lastKnownFileType = sourcecode.c.h; path = RouteViewController.h; sourceTree = "<group>"; };
		C14CDA7D1796378D00DA0FB5 /* RouteViewController.m */ = {isa = PBXFileReference; fileEncoding = 4; lastKnownFileType = sourcecode.c.objc; path = RouteViewController.m; sourceTree = "<group>"; };
		C14CDA7E1796378D00DA0FB5 /* RouteViewController.xib */ = {isa = PBXFileReference; fileEncoding = 4; lastKnownFileType = file.xib; path = RouteViewController.xib; sourceTree = "<group>"; };
		C14CDA81179637F100DA0FB5 /* PlaceViewController.h */ = {isa = PBXFileReference; fileEncoding = 4; lastKnownFileType = sourcecode.c.h; path = PlaceViewController.h; sourceTree = "<group>"; };
		C14CDA82179637F100DA0FB5 /* PlaceViewController.m */ = {isa = PBXFileReference; fileEncoding = 4; lastKnownFileType = sourcecode.c.objc; path = PlaceViewController.m; sourceTree = "<group>"; };
		C14CDA83179637F100DA0FB5 /* PlaceViewController.xib */ = {isa = PBXFileReference; fileEncoding = 4; lastKnownFileType = file.xib; path = PlaceViewController.xib; sourceTree = "<group>"; };
		C14CDA861796383400DA0FB5 /* MapViewController.h */ = {isa = PBXFileReference; fileEncoding = 4; lastKnownFileType = sourcecode.c.h; path = MapViewController.h; sourceTree = "<group>"; };
		C14CDA871796383400DA0FB5 /* MapViewController.m */ = {isa = PBXFileReference; fileEncoding = 4; lastKnownFileType = sourcecode.c.objc; path = MapViewController.m; sourceTree = "<group>"; };
		C14CDA881796383400DA0FB5 /* MapViewController.xib */ = {isa = PBXFileReference; fileEncoding = 4; lastKnownFileType = file.xib; path = MapViewController.xib; sourceTree = "<group>"; };
		C14CDA8D179647B000DA0FB5 /* shovel.png */ = {isa = PBXFileReference; lastKnownFileType = image.png; path = shovel.png; sourceTree = "<group>"; };
		C14CDA8E179647B000DA0FB5 /* shovel@2x.png */ = {isa = PBXFileReference; lastKnownFileType = image.png; path = "shovel@2x.png"; sourceTree = "<group>"; };
		C15B35D4179A4B7B00ECB9A8 /* XFAudioSession.h */ = {isa = PBXFileReference; fileEncoding = 4; lastKnownFileType = sourcecode.c.h; path = XFAudioSession.h; sourceTree = "<group>"; };
		C15B35D5179A4B7B00ECB9A8 /* XFAudioSession.m */ = {isa = PBXFileReference; fileEncoding = 4; lastKnownFileType = sourcecode.c.objc; path = XFAudioSession.m; sourceTree = "<group>"; };
		C16863081794FF4600F9EE32 /* User.h */ = {isa = PBXFileReference; fileEncoding = 4; lastKnownFileType = sourcecode.c.h; path = User.h; sourceTree = "<group>"; };
		C16863091794FF4600F9EE32 /* User.m */ = {isa = PBXFileReference; fileEncoding = 4; lastKnownFileType = sourcecode.c.objc; path = User.m; sourceTree = "<group>"; };
		C168630B179500AC00F9EE32 /* CoreData.framework */ = {isa = PBXFileReference; lastKnownFileType = wrapper.framework; name = CoreData.framework; path = System/Library/Frameworks/CoreData.framework; sourceTree = SDKROOT; };
		C16D363917979A0F003FFE94 /* NibCell.xib */ = {isa = PBXFileReference; fileEncoding = 4; lastKnownFileType = file.xib; path = NibCell.xib; sourceTree = "<group>"; };
		C16D363B1797A360003FFE94 /* MapKit.framework */ = {isa = PBXFileReference; lastKnownFileType = wrapper.framework; name = MapKit.framework; path = System/Library/Frameworks/MapKit.framework; sourceTree = SDKROOT; };
		C187D9EE1798CD5900F0A4E4 /* NibAudioCell.xib */ = {isa = PBXFileReference; fileEncoding = 4; lastKnownFileType = file.xib; path = NibAudioCell.xib; sourceTree = "<group>"; };
		C1B1128B1796515D00485D41 /* ALScrollViewPaging.h */ = {isa = PBXFileReference; fileEncoding = 4; lastKnownFileType = sourcecode.c.h; path = ALScrollViewPaging.h; sourceTree = "<group>"; };
		C1B1128C1796515D00485D41 /* ALScrollViewPaging.m */ = {isa = PBXFileReference; fileEncoding = 4; lastKnownFileType = sourcecode.c.objc; path = ALScrollViewPaging.m; sourceTree = "<group>"; };
		C1BF51D91798D272005CCBEB /* HysteriaPlayer.h */ = {isa = PBXFileReference; fileEncoding = 4; lastKnownFileType = sourcecode.c.h; path = HysteriaPlayer.h; sourceTree = "<group>"; };
		C1BF51DA1798D272005CCBEB /* HysteriaPlayer.m */ = {isa = PBXFileReference; fileEncoding = 4; lastKnownFileType = sourcecode.c.objc; path = HysteriaPlayer.m; sourceTree = "<group>"; };
		C1BF51DB1798D272005CCBEB /* point1sec.mp3 */ = {isa = PBXFileReference; lastKnownFileType = audio.mp3; path = point1sec.mp3; sourceTree = "<group>"; };
		C1BF51DE1798D379005CCBEB /* AudioToolbox.framework */ = {isa = PBXFileReference; lastKnownFileType = wrapper.framework; name = AudioToolbox.framework; path = System/Library/Frameworks/AudioToolbox.framework; sourceTree = SDKROOT; };
		C1BF51DF1798D379005CCBEB /* AVFoundation.framework */ = {isa = PBXFileReference; lastKnownFileType = wrapper.framework; name = AVFoundation.framework; path = System/Library/Frameworks/AVFoundation.framework; sourceTree = SDKROOT; };
		C1BF51E01798D379005CCBEB /* CoreMedia.framework */ = {isa = PBXFileReference; lastKnownFileType = wrapper.framework; name = CoreMedia.framework; path = System/Library/Frameworks/CoreMedia.framework; sourceTree = SDKROOT; };
		C1BF51E11798D379005CCBEB /* MobileCoreServices.framework */ = {isa = PBXFileReference; lastKnownFileType = wrapper.framework; name = MobileCoreServices.framework; path = System/Library/Frameworks/MobileCoreServices.framework; sourceTree = SDKROOT; };
		C1BF51E21798D379005CCBEB /* SystemConfiguration.framework */ = {isa = PBXFileReference; lastKnownFileType = wrapper.framework; name = SystemConfiguration.framework; path = System/Library/Frameworks/SystemConfiguration.framework; sourceTree = SDKROOT; };
		C1BF51E91798DC85005CCBEB /* AFHTTPClient.h */ = {isa = PBXFileReference; fileEncoding = 4; lastKnownFileType = sourcecode.c.h; path = AFHTTPClient.h; sourceTree = "<group>"; };
		C1BF51EA1798DC85005CCBEB /* AFHTTPClient.m */ = {isa = PBXFileReference; fileEncoding = 4; lastKnownFileType = sourcecode.c.objc; path = AFHTTPClient.m; sourceTree = "<group>"; };
		C1BF51EB1798DC85005CCBEB /* AFHTTPRequestOperation.h */ = {isa = PBXFileReference; fileEncoding = 4; lastKnownFileType = sourcecode.c.h; path = AFHTTPRequestOperation.h; sourceTree = "<group>"; };
		C1BF51EC1798DC85005CCBEB /* AFHTTPRequestOperation.m */ = {isa = PBXFileReference; fileEncoding = 4; lastKnownFileType = sourcecode.c.objc; path = AFHTTPRequestOperation.m; sourceTree = "<group>"; };
		C1BF51ED1798DC85005CCBEB /* AFImageRequestOperation.h */ = {isa = PBXFileReference; fileEncoding = 4; lastKnownFileType = sourcecode.c.h; path = AFImageRequestOperation.h; sourceTree = "<group>"; };
		C1BF51EE1798DC85005CCBEB /* AFImageRequestOperation.m */ = {isa = PBXFileReference; fileEncoding = 4; lastKnownFileType = sourcecode.c.objc; path = AFImageRequestOperation.m; sourceTree = "<group>"; };
		C1BF51EF1798DC85005CCBEB /* AFJSONRequestOperation.h */ = {isa = PBXFileReference; fileEncoding = 4; lastKnownFileType = sourcecode.c.h; path = AFJSONRequestOperation.h; sourceTree = "<group>"; };
		C1BF51F01798DC85005CCBEB /* AFJSONRequestOperation.m */ = {isa = PBXFileReference; fileEncoding = 4; lastKnownFileType = sourcecode.c.objc; path = AFJSONRequestOperation.m; sourceTree = "<group>"; };
		C1BF51F11798DC85005CCBEB /* AFNetworkActivityIndicatorManager.h */ = {isa = PBXFileReference; fileEncoding = 4; lastKnownFileType = sourcecode.c.h; path = AFNetworkActivityIndicatorManager.h; sourceTree = "<group>"; };
		C1BF51F21798DC85005CCBEB /* AFNetworkActivityIndicatorManager.m */ = {isa = PBXFileReference; fileEncoding = 4; lastKnownFileType = sourcecode.c.objc; path = AFNetworkActivityIndicatorManager.m; sourceTree = "<group>"; };
		C1BF51F31798DC85005CCBEB /* AFNetworking.h */ = {isa = PBXFileReference; fileEncoding = 4; lastKnownFileType = sourcecode.c.h; path = AFNetworking.h; sourceTree = "<group>"; };
		C1BF51F41798DC85005CCBEB /* AFPropertyListRequestOperation.h */ = {isa = PBXFileReference; fileEncoding = 4; lastKnownFileType = sourcecode.c.h; path = AFPropertyListRequestOperation.h; sourceTree = "<group>"; };
		C1BF51F51798DC85005CCBEB /* AFPropertyListRequestOperation.m */ = {isa = PBXFileReference; fileEncoding = 4; lastKnownFileType = sourcecode.c.objc; path = AFPropertyListRequestOperation.m; sourceTree = "<group>"; };
		C1BF51F61798DC85005CCBEB /* AFURLConnectionOperation.h */ = {isa = PBXFileReference; fileEncoding = 4; lastKnownFileType = sourcecode.c.h; path = AFURLConnectionOperation.h; sourceTree = "<group>"; };
		C1BF51F71798DC85005CCBEB /* AFURLConnectionOperation.m */ = {isa = PBXFileReference; fileEncoding = 4; lastKnownFileType = sourcecode.c.objc; path = AFURLConnectionOperation.m; sourceTree = "<group>"; };
		C1BF51F81798DC85005CCBEB /* AFXMLRequestOperation.h */ = {isa = PBXFileReference; fileEncoding = 4; lastKnownFileType = sourcecode.c.h; path = AFXMLRequestOperation.h; sourceTree = "<group>"; };
		C1BF51F91798DC85005CCBEB /* AFXMLRequestOperation.m */ = {isa = PBXFileReference; fileEncoding = 4; lastKnownFileType = sourcecode.c.objc; path = AFXMLRequestOperation.m; sourceTree = "<group>"; };
		C1BF51FA1798DC85005CCBEB /* UIImageView+AFNetworking.h */ = {isa = PBXFileReference; fileEncoding = 4; lastKnownFileType = sourcecode.c.h; path = "UIImageView+AFNetworking.h"; sourceTree = "<group>"; };
		C1BF51FB1798DC85005CCBEB /* UIImageView+AFNetworking.m */ = {isa = PBXFileReference; fileEncoding = 4; lastKnownFileType = sourcecode.c.objc; path = "UIImageView+AFNetworking.m"; sourceTree = "<group>"; };
		C1BF52061798E55D005CCBEB /* Libido.mp3 */ = {isa = PBXFileReference; lastKnownFileType = audio.mp3; path = Libido.mp3; sourceTree = "<group>"; };
		C1BF520817990122005CCBEB /* noseralomismo.aif */ = {isa = PBXFileReference; lastKnownFileType = file; path = noseralomismo.aif; sourceTree = "<group>"; };
		C1C1FE5E179664D900A5FD32 /* HomeViewControllerCell.h */ = {isa = PBXFileReference; fileEncoding = 4; lastKnownFileType = sourcecode.c.h; path = HomeViewControllerCell.h; sourceTree = "<group>"; };
		C1C1FE5F179664D900A5FD32 /* HomeViewControllerCell.m */ = {isa = PBXFileReference; fileEncoding = 4; lastKnownFileType = sourcecode.c.objc; path = HomeViewControllerCell.m; sourceTree = "<group>"; };
/* End PBXFileReference section */

/* Begin PBXFrameworksBuildPhase section */
		1594668B17922068002D3671 /* Frameworks */ = {
			isa = PBXFrameworksBuildPhase;
			buildActionMask = 2147483647;
			files = (
				C14946DB179CEC3600B2165E /* Security.framework in Frameworks */,
				C14946D9179CEC1200B2165E /* AdSupport.framework in Frameworks */,
				C14946D7179CEBEA00B2165E /* Social.framework in Frameworks */,
				C14946D5179CEBD700B2165E /* Accounts.framework in Frameworks */,
				C14946D3179CEBA800B2165E /* libsqlite3.0.dylib in Frameworks */,
				C1BF51E31798D379005CCBEB /* AudioToolbox.framework in Frameworks */,
				C1BF51E41798D379005CCBEB /* AVFoundation.framework in Frameworks */,
				C1BF51E51798D379005CCBEB /* CoreMedia.framework in Frameworks */,
				C1BF51E61798D379005CCBEB /* MobileCoreServices.framework in Frameworks */,
				C1BF51E71798D379005CCBEB /* SystemConfiguration.framework in Frameworks */,
				C16D363C1797A360003FFE94 /* MapKit.framework in Frameworks */,
				C168630C179500AC00F9EE32 /* CoreData.framework in Frameworks */,
				1594669217922068002D3671 /* UIKit.framework in Frameworks */,
				1594669417922068002D3671 /* Foundation.framework in Frameworks */,
				1594669617922068002D3671 /* CoreGraphics.framework in Frameworks */,
				C14946D0179CEA7200B2165E /* FacebookSDK.framework in Frameworks */,
			);
			runOnlyForDeploymentPostprocessing = 0;
		};
/* End PBXFrameworksBuildPhase section */

/* Begin PBXGroup section */
		1552D20F1796645400D79EDB /* Init */ = {
			isa = PBXGroup;
			children = (
				1552D2101796645400D79EDB /* 001_Init_img1.png */,
				1552D2111796645400D79EDB /* 001_Init_img1@2x.png */,
				1552D2121796645400D79EDB /* 001_Init_img2.png */,
				1552D2131796645400D79EDB /* 001_Init_img2@2x.png */,
				1552D2141796645400D79EDB /* 001_Init_img3.png */,
				1552D2151796645400D79EDB /* 001_Init_img3@2x.png */,
			);
			path = Init;
			sourceTree = "<group>";
		};
		1594668517922068002D3671 = {
			isa = PBXGroup;
			children = (
				1594669717922068002D3671 /* LordLima */,
				1594669017922068002D3671 /* Frameworks */,
				1594668F17922068002D3671 /* Products */,
			);
			sourceTree = "<group>";
		};
		1594668F17922068002D3671 /* Products */ = {
			isa = PBXGroup;
			children = (
				1594668E17922068002D3671 /* LordLima.app */,
			);
			name = Products;
			sourceTree = "<group>";
		};
		1594669017922068002D3671 /* Frameworks */ = {
			isa = PBXGroup;
			children = (
				C14946DA179CEC3600B2165E /* Security.framework */,
				C14946D8179CEC1200B2165E /* AdSupport.framework */,
				C14946D6179CEBEA00B2165E /* Social.framework */,
				C14946D4179CEBD700B2165E /* Accounts.framework */,
				C14946D2179CEBA800B2165E /* libsqlite3.0.dylib */,
				C14946CE179CEA7200B2165E /* FacebookSDK.framework */,
				C14946CF179CEA7200B2165E /* FacebookSDKResources.bundle */,
				C1BF51DE1798D379005CCBEB /* AudioToolbox.framework */,
				C1BF51DF1798D379005CCBEB /* AVFoundation.framework */,
				C1BF51E01798D379005CCBEB /* CoreMedia.framework */,
				C1BF51E11798D379005CCBEB /* MobileCoreServices.framework */,
				C1BF51E21798D379005CCBEB /* SystemConfiguration.framework */,
				C16D363B1797A360003FFE94 /* MapKit.framework */,
				C168630B179500AC00F9EE32 /* CoreData.framework */,
				1594669117922068002D3671 /* UIKit.framework */,
				1594669317922068002D3671 /* Foundation.framework */,
				1594669517922068002D3671 /* CoreGraphics.framework */,
			);
			name = Frameworks;
			sourceTree = "<group>";
		};
		1594669717922068002D3671 /* LordLima */ = {
			isa = PBXGroup;
			children = (
				C14CDA8B179646CF00DA0FB5 /* Resource */,
				C16863051794FEE400F9EE32 /* Entity */,
				C16863061794FEE400F9EE32 /* Lib */,
				C16863071794FEE400F9EE32 /* ViewController */,
				159466A017922068002D3671 /* xurfaceAppDelegate.h */,
				159466A117922068002D3671 /* xurfaceAppDelegate.m */,
				159466A917922068002D3671 /* xurfaceViewController.h */,
				159466AA17922068002D3671 /* xurfaceViewController.m */,
				159466AC17922068002D3671 /* xurfaceViewController.xib */,
				1594669817922068002D3671 /* Supporting Files */,
			);
			path = LordLima;
			sourceTree = "<group>";
		};
		1594669817922068002D3671 /* Supporting Files */ = {
			isa = PBXGroup;
			children = (
				1594669917922068002D3671 /* LordLima-Info.plist */,
				1594669A17922068002D3671 /* InfoPlist.strings */,
				1594669D17922068002D3671 /* main.m */,
				1594669F17922068002D3671 /* LordLima-Prefix.pch */,
				159466A317922068002D3671 /* Default.png */,
				159466A517922068002D3671 /* Default@2x.png */,
				159466A717922068002D3671 /* Default-568h@2x.png */,
			);
			name = "Supporting Files";
			sourceTree = "<group>";
		};
		C14CDA8B179646CF00DA0FB5 /* Resource */ = {
			isa = PBXGroup;
			children = (
				C1BF52051798E55D005CCBEB /* Audio */,
				C14CDA8C179646CF00DA0FB5 /* Images */,
			);
			path = Resource;
			sourceTree = "<group>";
		};
		C14CDA8C179646CF00DA0FB5 /* Images */ = {
			isa = PBXGroup;
			children = (
				1552D20F1796645400D79EDB /* Init */,
				C14CDA8D179647B000DA0FB5 /* shovel.png */,
				C14CDA8E179647B000DA0FB5 /* shovel@2x.png */,
			);
			path = Images;
			sourceTree = "<group>";
		};
		C15B35D3179A4B4D00ECB9A8 /* Audio */ = {
			isa = PBXGroup;
			children = (
				C15B35D4179A4B7B00ECB9A8 /* XFAudioSession.h */,
				C15B35D5179A4B7B00ECB9A8 /* XFAudioSession.m */,
			);
			path = Audio;
			sourceTree = "<group>";
		};
		C16863051794FEE400F9EE32 /* Entity */ = {
			isa = PBXGroup;
			children = (
				C16863081794FF4600F9EE32 /* User.h */,
				C16863091794FF4600F9EE32 /* User.m */,
			);
			path = Entity;
			sourceTree = "<group>";
		};
		C16863061794FEE400F9EE32 /* Lib */ = {
			isa = PBXGroup;
			children = (
				C15B35D3179A4B4D00ECB9A8 /* Audio */,
				C1BF51E81798DC85005CCBEB /* AFNetworking */,
				C1BF51D81798D272005CCBEB /* HysteriaPlayer */,
				C1B1128A1796515D00485D41 /* ALScrollViewPaging */,
			);
			path = Lib;
			sourceTree = "<group>";
		};
		C16863071794FEE400F9EE32 /* ViewController */ = {
			isa = PBXGroup;
			children = (
				C14CDA7717962EC300DA0FB5 /* HomeViewController.h */,
				C14CDA7817962EC300DA0FB5 /* HomeViewController.m */,
				C14CDA7917962EC300DA0FB5 /* HomeViewController.xib */,
				C14CDA7C1796378D00DA0FB5 /* RouteViewController.h */,
				C14CDA7D1796378D00DA0FB5 /* RouteViewController.m */,
				C14CDA7E1796378D00DA0FB5 /* RouteViewController.xib */,
				C14CDA81179637F100DA0FB5 /* PlaceViewController.h */,
				C14CDA82179637F100DA0FB5 /* PlaceViewController.m */,
				C14CDA83179637F100DA0FB5 /* PlaceViewController.xib */,
				C14CDA861796383400DA0FB5 /* MapViewController.h */,
				C14CDA871796383400DA0FB5 /* MapViewController.m */,
				C14CDA881796383400DA0FB5 /* MapViewController.xib */,
				C1C1FE5E179664D900A5FD32 /* HomeViewControllerCell.h */,
				C1C1FE5F179664D900A5FD32 /* HomeViewControllerCell.m */,
				C16D363917979A0F003FFE94 /* NibCell.xib */,
				158E34681797AF4200B31962 /* StartSesionViewController.h */,
				158E34691797AF4200B31962 /* StartSesionViewController.m */,
				158E346A1797AF4200B31962 /* StartSesionViewController.xib */,
				158E346D1797AF7800B31962 /* NewAccountViewController.h */,
				158E346E1797AF7800B31962 /* NewAccountViewController.m */,
				158E346F1797AF7800B31962 /* NewAccountViewController.xib */,
				158E34721797AFDC00B31962 /* PwdRecoveryViewController.h */,
				158E34731797AFDC00B31962 /* PwdRecoveryViewController.m */,
				158E34741797AFDC00B31962 /* PwdRecoveryViewController.xib */,
				C187D9EE1798CD5900F0A4E4 /* NibAudioCell.xib */,
			);
			path = ViewController;
			sourceTree = "<group>";
		};
		C1B1128A1796515D00485D41 /* ALScrollViewPaging */ = {
			isa = PBXGroup;
			children = (
				C1B1128B1796515D00485D41 /* ALScrollViewPaging.h */,
				C1B1128C1796515D00485D41 /* ALScrollViewPaging.m */,
			);
			path = ALScrollViewPaging;
			sourceTree = "<group>";
		};
		C1BF51D81798D272005CCBEB /* HysteriaPlayer */ = {
			isa = PBXGroup;
			children = (
				C1BF51D91798D272005CCBEB /* HysteriaPlayer.h */,
				C1BF51DA1798D272005CCBEB /* HysteriaPlayer.m */,
				C1BF51DB1798D272005CCBEB /* point1sec.mp3 */,
			);
			path = HysteriaPlayer;
			sourceTree = "<group>";
		};
		C1BF51E81798DC85005CCBEB /* AFNetworking */ = {
			isa = PBXGroup;
			children = (
				C1BF51E91798DC85005CCBEB /* AFHTTPClient.h */,
				C1BF51EA1798DC85005CCBEB /* AFHTTPClient.m */,
				C1BF51EB1798DC85005CCBEB /* AFHTTPRequestOperation.h */,
				C1BF51EC1798DC85005CCBEB /* AFHTTPRequestOperation.m */,
				C1BF51ED1798DC85005CCBEB /* AFImageRequestOperation.h */,
				C1BF51EE1798DC85005CCBEB /* AFImageRequestOperation.m */,
				C1BF51EF1798DC85005CCBEB /* AFJSONRequestOperation.h */,
				C1BF51F01798DC85005CCBEB /* AFJSONRequestOperation.m */,
				C1BF51F11798DC85005CCBEB /* AFNetworkActivityIndicatorManager.h */,
				C1BF51F21798DC85005CCBEB /* AFNetworkActivityIndicatorManager.m */,
				C1BF51F31798DC85005CCBEB /* AFNetworking.h */,
				C1BF51F41798DC85005CCBEB /* AFPropertyListRequestOperation.h */,
				C1BF51F51798DC85005CCBEB /* AFPropertyListRequestOperation.m */,
				C1BF51F61798DC85005CCBEB /* AFURLConnectionOperation.h */,
				C1BF51F71798DC85005CCBEB /* AFURLConnectionOperation.m */,
				C1BF51F81798DC85005CCBEB /* AFXMLRequestOperation.h */,
				C1BF51F91798DC85005CCBEB /* AFXMLRequestOperation.m */,
				C1BF51FA1798DC85005CCBEB /* UIImageView+AFNetworking.h */,
				C1BF51FB1798DC85005CCBEB /* UIImageView+AFNetworking.m */,
			);
			path = AFNetworking;
			sourceTree = "<group>";
		};
		C1BF52051798E55D005CCBEB /* Audio */ = {
			isa = PBXGroup;
			children = (
				C1BF520817990122005CCBEB /* noseralomismo.aif */,
				C1BF52061798E55D005CCBEB /* Libido.mp3 */,
			);
			path = Audio;
			sourceTree = "<group>";
		};
/* End PBXGroup section */

/* Begin PBXNativeTarget section */
		1594668D17922068002D3671 /* LordLima */ = {
			isa = PBXNativeTarget;
			buildConfigurationList = 159466B117922068002D3671 /* Build configuration list for PBXNativeTarget "LordLima" */;
			buildPhases = (
				1594668A17922068002D3671 /* Sources */,
				1594668B17922068002D3671 /* Frameworks */,
				1594668C17922068002D3671 /* Resources */,
			);
			buildRules = (
			);
			dependencies = (
			);
			name = LordLima;
			productName = LordLima;
			productReference = 1594668E17922068002D3671 /* LordLima.app */;
			productType = "com.apple.product-type.application";
		};
/* End PBXNativeTarget section */

/* Begin PBXProject section */
		1594668617922068002D3671 /* Project object */ = {
			isa = PBXProject;
			attributes = {
				CLASSPREFIX = xurface;
				LastUpgradeCheck = 0460;
				ORGANIZATIONNAME = "Alejandro Mayta";
			};
			buildConfigurationList = 1594668917922068002D3671 /* Build configuration list for PBXProject "LordLima" */;
			compatibilityVersion = "Xcode 3.2";
			developmentRegion = English;
			hasScannedForEncodings = 0;
			knownRegions = (
				en,
			);
			mainGroup = 1594668517922068002D3671;
			productRefGroup = 1594668F17922068002D3671 /* Products */;
			projectDirPath = "";
			projectRoot = "";
			targets = (
				1594668D17922068002D3671 /* LordLima */,
			);
		};
/* End PBXProject section */

/* Begin PBXResourcesBuildPhase section */
		1594668C17922068002D3671 /* Resources */ = {
			isa = PBXResourcesBuildPhase;
			buildActionMask = 2147483647;
			files = (
				1594669C17922068002D3671 /* InfoPlist.strings in Resources */,
				159466A417922068002D3671 /* Default.png in Resources */,
				159466A617922068002D3671 /* Default@2x.png in Resources */,
				159466A817922068002D3671 /* Default-568h@2x.png in Resources */,
				159466AE17922068002D3671 /* xurfaceViewController.xib in Resources */,
				C14CDA7B17962EC300DA0FB5 /* HomeViewController.xib in Resources */,
				C14CDA801796378D00DA0FB5 /* RouteViewController.xib in Resources */,
				C14CDA85179637F100DA0FB5 /* PlaceViewController.xib in Resources */,
				C14CDA8A1796383400DA0FB5 /* MapViewController.xib in Resources */,
				C14CDA8F179647B000DA0FB5 /* shovel.png in Resources */,
				C14CDA90179647B000DA0FB5 /* shovel@2x.png in Resources */,
				1552D2161796645400D79EDB /* 001_Init_img1.png in Resources */,
				1552D2171796645400D79EDB /* 001_Init_img1@2x.png in Resources */,
				1552D2181796645400D79EDB /* 001_Init_img2.png in Resources */,
				1552D2191796645400D79EDB /* 001_Init_img2@2x.png in Resources */,
				1552D21A1796645400D79EDB /* 001_Init_img3.png in Resources */,
				1552D21B1796645400D79EDB /* 001_Init_img3@2x.png in Resources */,
				C16D363A17979A0F003FFE94 /* NibCell.xib in Resources */,
				158E346C1797AF4200B31962 /* StartSesionViewController.xib in Resources */,
				158E34711797AF7800B31962 /* NewAccountViewController.xib in Resources */,
				158E34761797AFDC00B31962 /* PwdRecoveryViewController.xib in Resources */,
				C187D9EF1798CD5900F0A4E4 /* NibAudioCell.xib in Resources */,
				C1BF51DD1798D272005CCBEB /* point1sec.mp3 in Resources */,
				C1BF52071798E55D005CCBEB /* Libido.mp3 in Resources */,
				C1BF520917990122005CCBEB /* noseralomismo.aif in Resources */,
				C14946D1179CEA7200B2165E /* FacebookSDKResources.bundle in Resources */,
			);
			runOnlyForDeploymentPostprocessing = 0;
		};
/* End PBXResourcesBuildPhase section */

/* Begin PBXSourcesBuildPhase section */
		1594668A17922068002D3671 /* Sources */ = {
			isa = PBXSourcesBuildPhase;
			buildActionMask = 2147483647;
			files = (
				1594669E17922068002D3671 /* main.m in Sources */,
				159466A217922068002D3671 /* xurfaceAppDelegate.m in Sources */,
				159466AB17922068002D3671 /* xurfaceViewController.m in Sources */,
				C168630A1794FF4600F9EE32 /* User.m in Sources */,
				C14CDA7A17962EC300DA0FB5 /* HomeViewController.m in Sources */,
				C14CDA7F1796378D00DA0FB5 /* RouteViewController.m in Sources */,
				C14CDA84179637F100DA0FB5 /* PlaceViewController.m in Sources */,
				C14CDA891796383400DA0FB5 /* MapViewController.m in Sources */,
				C1B1128D1796515D00485D41 /* ALScrollViewPaging.m in Sources */,
				C1C1FE60179664D900A5FD32 /* HomeViewControllerCell.m in Sources */,
				158E346B1797AF4200B31962 /* StartSesionViewController.m in Sources */,
				158E34701797AF7800B31962 /* NewAccountViewController.m in Sources */,
				158E34751797AFDC00B31962 /* PwdRecoveryViewController.m in Sources */,
				C1BF51DC1798D272005CCBEB /* HysteriaPlayer.m in Sources */,
				C1BF51FC1798DC85005CCBEB /* AFHTTPClient.m in Sources */,
				C1BF51FD1798DC85005CCBEB /* AFHTTPRequestOperation.m in Sources */,
				C1BF51FE1798DC85005CCBEB /* AFImageRequestOperation.m in Sources */,
				C1BF51FF1798DC85005CCBEB /* AFJSONRequestOperation.m in Sources */,
				C1BF52001798DC85005CCBEB /* AFNetworkActivityIndicatorManager.m in Sources */,
				C1BF52011798DC85005CCBEB /* AFPropertyListRequestOperation.m in Sources */,
				C1BF52021798DC85005CCBEB /* AFURLConnectionOperation.m in Sources */,
				C1BF52031798DC85005CCBEB /* AFXMLRequestOperation.m in Sources */,
				C1BF52041798DC85005CCBEB /* UIImageView+AFNetworking.m in Sources */,
				C15B35D6179A4B7B00ECB9A8 /* XFAudioSession.m in Sources */,
			);
			runOnlyForDeploymentPostprocessing = 0;
		};
/* End PBXSourcesBuildPhase section */

/* Begin PBXVariantGroup section */
		1594669A17922068002D3671 /* InfoPlist.strings */ = {
			isa = PBXVariantGroup;
			children = (
				1594669B17922068002D3671 /* en */,
			);
			name = InfoPlist.strings;
			sourceTree = "<group>";
		};
		159466AC17922068002D3671 /* xurfaceViewController.xib */ = {
			isa = PBXVariantGroup;
			children = (
				159466AD17922068002D3671 /* en */,
			);
			name = xurfaceViewController.xib;
			sourceTree = "<group>";
		};
/* End PBXVariantGroup section */

/* Begin XCBuildConfiguration section */
		159466AF17922068002D3671 /* Debug */ = {
			isa = XCBuildConfiguration;
			buildSettings = {
				ALWAYS_SEARCH_USER_PATHS = NO;
				CLANG_CXX_LANGUAGE_STANDARD = "gnu++0x";
				CLANG_CXX_LIBRARY = "libc++";
				CLANG_ENABLE_OBJC_ARC = YES;
				CLANG_WARN_CONSTANT_CONVERSION = YES;
				CLANG_WARN_EMPTY_BODY = YES;
				CLANG_WARN_ENUM_CONVERSION = YES;
				CLANG_WARN_INT_CONVERSION = YES;
				CLANG_WARN__DUPLICATE_METHOD_MATCH = YES;
				CODE_SIGN_IDENTITY = "iPhone Developer: Alejandro Mayta (5Y4QV275LD)";
				"CODE_SIGN_IDENTITY[sdk=iphoneos*]" = "iPhone Developer: Alejandro Mayta (5Y4QV275LD)";
				COPY_PHASE_STRIP = NO;
				GCC_C_LANGUAGE_STANDARD = gnu99;
				GCC_DYNAMIC_NO_PIC = NO;
				GCC_OPTIMIZATION_LEVEL = 0;
				GCC_PREPROCESSOR_DEFINITIONS = (
					"DEBUG=1",
					"$(inherited)",
				);
				GCC_SYMBOLS_PRIVATE_EXTERN = NO;
				GCC_WARN_ABOUT_RETURN_TYPE = YES;
				GCC_WARN_UNINITIALIZED_AUTOS = YES;
				GCC_WARN_UNUSED_VARIABLE = YES;
				IPHONEOS_DEPLOYMENT_TARGET = 6.1;
				ONLY_ACTIVE_ARCH = YES;
				PROVISIONING_PROFILE = "4651D932-8B0A-4ED1-824E-ECA491D95CE4";
				"PROVISIONING_PROFILE[sdk=iphoneos*]" = "4651D932-8B0A-4ED1-824E-ECA491D95CE4";
				SDKROOT = iphoneos;
			};
			name = Debug;
		};
		159466B017922068002D3671 /* Release */ = {
			isa = XCBuildConfiguration;
			buildSettings = {
				ALWAYS_SEARCH_USER_PATHS = NO;
				CLANG_CXX_LANGUAGE_STANDARD = "gnu++0x";
				CLANG_CXX_LIBRARY = "libc++";
				CLANG_ENABLE_OBJC_ARC = YES;
				CLANG_WARN_CONSTANT_CONVERSION = YES;
				CLANG_WARN_EMPTY_BODY = YES;
				CLANG_WARN_ENUM_CONVERSION = YES;
				CLANG_WARN_INT_CONVERSION = YES;
				CLANG_WARN__DUPLICATE_METHOD_MATCH = YES;
				CODE_SIGN_IDENTITY = "iPhone Developer: Alejandro Mayta (5Y4QV275LD)";
				"CODE_SIGN_IDENTITY[sdk=iphoneos*]" = "iPhone Developer: Alejandro Mayta (5Y4QV275LD)";
				COPY_PHASE_STRIP = YES;
				GCC_C_LANGUAGE_STANDARD = gnu99;
				GCC_WARN_ABOUT_RETURN_TYPE = YES;
				GCC_WARN_UNINITIALIZED_AUTOS = YES;
				GCC_WARN_UNUSED_VARIABLE = YES;
				IPHONEOS_DEPLOYMENT_TARGET = 6.1;
				OTHER_CFLAGS = "-DNS_BLOCK_ASSERTIONS=1";
				PROVISIONING_PROFILE = "4651D932-8B0A-4ED1-824E-ECA491D95CE4";
				"PROVISIONING_PROFILE[sdk=iphoneos*]" = "4651D932-8B0A-4ED1-824E-ECA491D95CE4";
				SDKROOT = iphoneos;
				VALIDATE_PRODUCT = YES;
			};
			name = Release;
		};
		159466B217922068002D3671 /* Debug */ = {
			isa = XCBuildConfiguration;
			buildSettings = {
				FRAMEWORK_SEARCH_PATHS = (
					"$(inherited)",
					"\"$(SRCROOT)/LordLima/Lib\"",
				);
				GCC_PRECOMPILE_PREFIX_HEADER = YES;
				GCC_PREFIX_HEADER = "LordLima/LordLima-Prefix.pch";
				INFOPLIST_FILE = "LordLima/LordLima-Info.plist";
				PRODUCT_NAME = "$(TARGET_NAME)";
				WRAPPER_EXTENSION = app;
			};
			name = Debug;
		};
		159466B317922068002D3671 /* Release */ = {
			isa = XCBuildConfiguration;
			buildSettings = {
				FRAMEWORK_SEARCH_PATHS = (
					"$(inherited)",
					"\"$(SRCROOT)/LordLima/Lib\"",
				);
				GCC_PRECOMPILE_PREFIX_HEADER = YES;
				GCC_PREFIX_HEADER = "LordLima/LordLima-Prefix.pch";
				INFOPLIST_FILE = "LordLima/LordLima-Info.plist";
				PRODUCT_NAME = "$(TARGET_NAME)";
				WRAPPER_EXTENSION = app;
			};
			name = Release;
		};
/* End XCBuildConfiguration section */

/* Begin XCConfigurationList section */
		1594668917922068002D3671 /* Build configuration list for PBXProject "LordLima" */ = {
			isa = XCConfigurationList;
			buildConfigurations = (
				159466AF17922068002D3671 /* Debug */,
				159466B017922068002D3671 /* Release */,
			);
			defaultConfigurationIsVisible = 0;
			defaultConfigurationName = Release;
		};
		159466B117922068002D3671 /* Build configuration list for PBXNativeTarget "LordLima" */ = {
			isa = XCConfigurationList;
			buildConfigurations = (
				159466B217922068002D3671 /* Debug */,
				159466B317922068002D3671 /* Release */,
			);
			defaultConfigurationIsVisible = 0;
			defaultConfigurationName = Release;
		};
/* End XCConfigurationList section */
	};
	rootObject = 1594668617922068002D3671 /* Project object */;
}
